
Microsoft Visual Studio Solution File, Format Version 12.00
# Visual Studio Version 16
VisualStudioVersion = 16.0.31424.327
MinimumVisualStudioVersion = 10.0.40219.1
Project("{FAE04EC0-301F-11D3-BF4B-00C04F79EFBC}") = "String_Manipulations", "String_Manipulations.csproj", "{6DD4A90D-1CDE-49AF-8551-6E8786CC344B}"
EndProject
Global
	GlobalSection(SolutionConfigurationPlatforms) = preSolution
		Debug|Any CPU = Debug|Any CPU
		Release|Any CPU = Release|Any CPU
	EndGlobalSection
	GlobalSection(ProjectConfigurationPlatforms) = postSolution
		{6DD4A90D-1CDE-49AF-8551-6E8786CC344B}.Debug|Any CPU.ActiveCfg = Debug|Any CPU
		{6DD4A90D-1CDE-49AF-8551-6E8786CC344B}.Debug|Any CPU.Build.0 = Debug|Any CPU
		{6DD4A90D-1CDE-49AF-8551-6E8786CC344B}.Release|Any CPU.ActiveCfg = Release|Any CPU
		{6DD4A90D-1CDE-49AF-8551-6E8786CC344B}.Release|Any CPU.Build.0 = Release|Any CPU
	EndGlobalSection
	GlobalSection(SolutionProperties) = preSolution
		HideSolutionNode = FALSE
	EndGlobalSection
	GlobalSection(ExtensibilityGlobals) = postSolution
		SolutionGuid = {CE76E6D4-2A74-401F-A05B-26585195B4BD}
	EndGlobalSection
EndGlobal
