
Microsoft Visual Studio Solution File, Format Version 12.00
# Visual Studio Version 16
VisualStudioVersion = 16.0.31424.327
MinimumVisualStudioVersion = 10.0.40219.1
Project("{FAE04EC0-301F-11D3-BF4B-00C04F79EFBC}") = "Searching", "Searching.csproj", "{9F87B069-A2C0-485D-A98E-AE77D2F361E1}"
EndProject
Global
	GlobalSection(SolutionConfigurationPlatforms) = preSolution
		Debug|Any CPU = Debug|Any CPU
		Release|Any CPU = Release|Any CPU
	EndGlobalSection
	GlobalSection(ProjectConfigurationPlatforms) = postSolution
		{9F87B069-A2C0-485D-A98E-AE77D2F361E1}.Debug|Any CPU.ActiveCfg = Debug|Any CPU
		{9F87B069-A2C0-485D-A98E-AE77D2F361E1}.Debug|Any CPU.Build.0 = Debug|Any CPU
		{9F87B069-A2C0-485D-A98E-AE77D2F361E1}.Release|Any CPU.ActiveCfg = Release|Any CPU
		{9F87B069-A2C0-485D-A98E-AE77D2F361E1}.Release|Any CPU.Build.0 = Release|Any CPU
	EndGlobalSection
	GlobalSection(SolutionProperties) = preSolution
		HideSolutionNode = FALSE
	EndGlobalSection
	GlobalSection(ExtensibilityGlobals) = postSolution
		SolutionGuid = {AA796822-5415-4ACE-890E-5DA4DF091241}
	EndGlobalSection
EndGlobal
